
Microsoft Visual Studio Solution File, Format Version 12.00
# Visual Studio 15
VisualStudioVersion = 15.0.28307.1525
MinimumVisualStudioVersion = 10.0.40219.1
Project("{FAE04EC0-301F-11D3-BF4B-00C04F79EFBC}") = "TransporteColectivo", "TransporteColectivo\TransporteColectivo.csproj", "{17592E1C-4921-49E2-8F71-A020C327BBA5}"
EndProject
Global
	GlobalSection(SolutionConfigurationPlatforms) = preSolution
		Debug|Any CPU = Debug|Any CPU
		Release|Any CPU = Release|Any CPU
	EndGlobalSection
	GlobalSection(ProjectConfigurationPlatforms) = postSolution
		{17592E1C-4921-49E2-8F71-A020C327BBA5}.Debug|Any CPU.ActiveCfg = Debug|Any CPU
		{17592E1C-4921-49E2-8F71-A020C327BBA5}.Debug|Any CPU.Build.0 = Debug|Any CPU
		{17592E1C-4921-49E2-8F71-A020C327BBA5}.Release|Any CPU.ActiveCfg = Release|Any CPU
		{17592E1C-4921-49E2-8F71-A020C327BBA5}.Release|Any CPU.Build.0 = Release|Any CPU
	EndGlobalSection
	GlobalSection(SolutionProperties) = preSolution
		HideSolutionNode = FALSE
	EndGlobalSection
	GlobalSection(ExtensibilityGlobals) = postSolution
		SolutionGuid = {A63745B6-32A9-4A9A-8F10-1D2CD661CD52}
	EndGlobalSection
EndGlobal
